// !$*UTF8*$!
{
	archiveVersion = 1;
	classes = {
	};
	objectVersion = 56;
	objects = {

/* Begin PBXBuildFile section */
		7B1FAD072C82F30C00C0B40F /* MusicBoxApp.swift in Sources */ = {isa = PBXBuildFile; fileRef = 7B1FAD062C82F30C00C0B40F /* MusicBoxApp.swift */; };
		7B1FAD0B2C82F30D00C0B40F /* Assets.xcassets in Resources */ = {isa = PBXBuildFile; fileRef = 7B1FAD0A2C82F30D00C0B40F /* Assets.xcassets */; };
		7B1FAD0E2C82F30D00C0B40F /* Preview Assets.xcassets in Resources */ = {isa = PBXBuildFile; fileRef = 7B1FAD0D2C82F30D00C0B40F /* Preview Assets.xcassets */; };
		7B1FAD102C82F30D00C0B40F /* Persistence.swift in Sources */ = {isa = PBXBuildFile; fileRef = 7B1FAD0F2C82F30D00C0B40F /* Persistence.swift */; };
		7B1FAD132C82F30D00C0B40F /* MusicBox.xcdatamodeld in Sources */ = {isa = PBXBuildFile; fileRef = 7B1FAD112C82F30D00C0B40F /* MusicBox.xcdatamodeld */; };
		7B1FAD1E2C82F30D00C0B40F /* MusicBoxTests.swift in Sources */ = {isa = PBXBuildFile; fileRef = 7B1FAD1D2C82F30D00C0B40F /* MusicBoxTests.swift */; };
		7B1FAD282C82F30D00C0B40F /* MusicBoxUITests.swift in Sources */ = {isa = PBXBuildFile; fileRef = 7B1FAD272C82F30D00C0B40F /* MusicBoxUITests.swift */; };
		7B1FAD2A2C82F30D00C0B40F /* MusicBoxUITestsLaunchTests.swift in Sources */ = {isa = PBXBuildFile; fileRef = 7B1FAD292C82F30D00C0B40F /* MusicBoxUITestsLaunchTests.swift */; };
		7B1FAD372C82FA9D00C0B40F /* AudioLibraryViewModel.swift in Sources */ = {isa = PBXBuildFile; fileRef = 7B1FAD362C82FA9D00C0B40F /* AudioLibraryViewModel.swift */; };
		7B1FAD412C8386DF00C0B40F /* LibraryView.swift in Sources */ = {isa = PBXBuildFile; fileRef = 7B1FAD402C8386DF00C0B40F /* LibraryView.swift */; };
		7B1FAD432C8386FE00C0B40F /* PreferencesView.swift in Sources */ = {isa = PBXBuildFile; fileRef = 7B1FAD422C8386FE00C0B40F /* PreferencesView.swift */; };
		7B1FAD462C8387F900C0B40F /* ID3TagEditor in Frameworks */ = {isa = PBXBuildFile; productRef = 7B1FAD452C8387F900C0B40F /* ID3TagEditor */; };
/* End PBXBuildFile section */

/* Begin PBXContainerItemProxy section */
		7B1FAD1A2C82F30D00C0B40F /* PBXContainerItemProxy */ = {
			isa = PBXContainerItemProxy;
			containerPortal = 7B1FACFB2C82F30C00C0B40F /* Project object */;
			proxyType = 1;
			remoteGlobalIDString = 7B1FAD022C82F30C00C0B40F;
			remoteInfo = MusicBox;
		};
		7B1FAD242C82F30D00C0B40F /* PBXContainerItemProxy */ = {
			isa = PBXContainerItemProxy;
			containerPortal = 7B1FACFB2C82F30C00C0B40F /* Project object */;
			proxyType = 1;
			remoteGlobalIDString = 7B1FAD022C82F30C00C0B40F;
			remoteInfo = MusicBox;
		};
/* End PBXContainerItemProxy section */

/* Begin PBXFileReference section */
		7B1FAD032C82F30C00C0B40F /* MusicBox.app */ = {isa = PBXFileReference; explicitFileType = wrapper.application; includeInIndex = 0; path = MusicBox.app; sourceTree = BUILT_PRODUCTS_DIR; };
		7B1FAD062C82F30C00C0B40F /* MusicBoxApp.swift */ = {isa = PBXFileReference; lastKnownFileType = sourcecode.swift; path = MusicBoxApp.swift; sourceTree = "<group>"; };
		7B1FAD0A2C82F30D00C0B40F /* Assets.xcassets */ = {isa = PBXFileReference; lastKnownFileType = folder.assetcatalog; path = Assets.xcassets; sourceTree = "<group>"; };
		7B1FAD0D2C82F30D00C0B40F /* Preview Assets.xcassets */ = {isa = PBXFileReference; lastKnownFileType = folder.assetcatalog; path = "Preview Assets.xcassets"; sourceTree = "<group>"; };
		7B1FAD0F2C82F30D00C0B40F /* Persistence.swift */ = {isa = PBXFileReference; lastKnownFileType = sourcecode.swift; path = Persistence.swift; sourceTree = "<group>"; };
		7B1FAD122C82F30D00C0B40F /* MusicBox.xcdatamodel */ = {isa = PBXFileReference; lastKnownFileType = wrapper.xcdatamodel; path = MusicBox.xcdatamodel; sourceTree = "<group>"; };
		7B1FAD142C82F30D00C0B40F /* MusicBox.entitlements */ = {isa = PBXFileReference; lastKnownFileType = text.plist.entitlements; path = MusicBox.entitlements; sourceTree = "<group>"; };
		7B1FAD192C82F30D00C0B40F /* MusicBoxTests.xctest */ = {isa = PBXFileReference; explicitFileType = wrapper.cfbundle; includeInIndex = 0; path = MusicBoxTests.xctest; sourceTree = BUILT_PRODUCTS_DIR; };
		7B1FAD1D2C82F30D00C0B40F /* MusicBoxTests.swift */ = {isa = PBXFileReference; lastKnownFileType = sourcecode.swift; path = MusicBoxTests.swift; sourceTree = "<group>"; };
		7B1FAD232C82F30D00C0B40F /* MusicBoxUITests.xctest */ = {isa = PBXFileReference; explicitFileType = wrapper.cfbundle; includeInIndex = 0; path = MusicBoxUITests.xctest; sourceTree = BUILT_PRODUCTS_DIR; };
		7B1FAD272C82F30D00C0B40F /* MusicBoxUITests.swift */ = {isa = PBXFileReference; lastKnownFileType = sourcecode.swift; path = MusicBoxUITests.swift; sourceTree = "<group>"; };
		7B1FAD292C82F30D00C0B40F /* MusicBoxUITestsLaunchTests.swift */ = {isa = PBXFileReference; lastKnownFileType = sourcecode.swift; path = MusicBoxUITestsLaunchTests.swift; sourceTree = "<group>"; };
		7B1FAD362C82FA9D00C0B40F /* AudioLibraryViewModel.swift */ = {isa = PBXFileReference; lastKnownFileType = sourcecode.swift; path = AudioLibraryViewModel.swift; sourceTree = "<group>"; };
		7B1FAD402C8386DF00C0B40F /* LibraryView.swift */ = {isa = PBXFileReference; lastKnownFileType = sourcecode.swift; path = LibraryView.swift; sourceTree = "<group>"; };
		7B1FAD422C8386FE00C0B40F /* PreferencesView.swift */ = {isa = PBXFileReference; lastKnownFileType = sourcecode.swift; path = PreferencesView.swift; sourceTree = "<group>"; };
/* End PBXFileReference section */

/* Begin PBXFrameworksBuildPhase section */
		7B1FAD002C82F30C00C0B40F /* Frameworks */ = {
			isa = PBXFrameworksBuildPhase;
			buildActionMask = 2147483647;
			files = (
				7B1FAD462C8387F900C0B40F /* ID3TagEditor in Frameworks */,
			);
			runOnlyForDeploymentPostprocessing = 0;
		};
		7B1FAD162C82F30D00C0B40F /* Frameworks */ = {
			isa = PBXFrameworksBuildPhase;
			buildActionMask = 2147483647;
			files = (
			);
			runOnlyForDeploymentPostprocessing = 0;
		};
		7B1FAD202C82F30D00C0B40F /* Frameworks */ = {
			isa = PBXFrameworksBuildPhase;
			buildActionMask = 2147483647;
			files = (
			);
			runOnlyForDeploymentPostprocessing = 0;
		};
/* End PBXFrameworksBuildPhase section */

/* Begin PBXGroup section */
		7B1FACFA2C82F30C00C0B40F = {
			isa = PBXGroup;
			children = (
				7B1FAD052C82F30C00C0B40F /* MusicBox */,
				7B1FAD1C2C82F30D00C0B40F /* MusicBoxTests */,
				7B1FAD262C82F30D00C0B40F /* MusicBoxUITests */,
				7B1FAD042C82F30C00C0B40F /* Products */,
			);
			sourceTree = "<group>";
		};
		7B1FAD042C82F30C00C0B40F /* Products */ = {
			isa = PBXGroup;
			children = (
				7B1FAD032C82F30C00C0B40F /* MusicBox.app */,
				7B1FAD192C82F30D00C0B40F /* MusicBoxTests.xctest */,
				7B1FAD232C82F30D00C0B40F /* MusicBoxUITests.xctest */,
			);
			name = Products;
			sourceTree = "<group>";
		};
		7B1FAD052C82F30C00C0B40F /* MusicBox */ = {
			isa = PBXGroup;
			children = (
				7B1FAD422C8386FE00C0B40F /* PreferencesView.swift */,
				7B1FAD402C8386DF00C0B40F /* LibraryView.swift */,
				7B1FAD362C82FA9D00C0B40F /* AudioLibraryViewModel.swift */,
				7B1FAD062C82F30C00C0B40F /* MusicBoxApp.swift */,
				7B1FAD0A2C82F30D00C0B40F /* Assets.xcassets */,
				7B1FAD0F2C82F30D00C0B40F /* Persistence.swift */,
				7B1FAD142C82F30D00C0B40F /* MusicBox.entitlements */,
				7B1FAD112C82F30D00C0B40F /* MusicBox.xcdatamodeld */,
				7B1FAD0C2C82F30D00C0B40F /* Preview Content */,
			);
			path = MusicBox;
			sourceTree = "<group>";
		};
		7B1FAD0C2C82F30D00C0B40F /* Preview Content */ = {
			isa = PBXGroup;
			children = (
				7B1FAD0D2C82F30D00C0B40F /* Preview Assets.xcassets */,
			);
			path = "Preview Content";
			sourceTree = "<group>";
		};
		7B1FAD1C2C82F30D00C0B40F /* MusicBoxTests */ = {
			isa = PBXGroup;
			children = (
				7B1FAD1D2C82F30D00C0B40F /* MusicBoxTests.swift */,
			);
			path = MusicBoxTests;
			sourceTree = "<group>";
		};
		7B1FAD262C82F30D00C0B40F /* MusicBoxUITests */ = {
			isa = PBXGroup;
			children = (
				7B1FAD272C82F30D00C0B40F /* MusicBoxUITests.swift */,
				7B1FAD292C82F30D00C0B40F /* MusicBoxUITestsLaunchTests.swift */,
			);
			path = MusicBoxUITests;
			sourceTree = "<group>";
		};
/* End PBXGroup section */

/* Begin PBXNativeTarget section */
		7B1FAD022C82F30C00C0B40F /* MusicBox */ = {
			isa = PBXNativeTarget;
			buildConfigurationList = 7B1FAD2D2C82F30D00C0B40F /* Build configuration list for PBXNativeTarget "MusicBox" */;
			buildPhases = (
				7B1FACFF2C82F30C00C0B40F /* Sources */,
				7B1FAD002C82F30C00C0B40F /* Frameworks */,
				7B1FAD012C82F30C00C0B40F /* Resources */,
			);
			buildRules = (
			);
			dependencies = (
			);
			name = MusicBox;
			packageProductDependencies = (
				7B1FAD452C8387F900C0B40F /* ID3TagEditor */,
			);
			productName = MusicBox;
			productReference = 7B1FAD032C82F30C00C0B40F /* MusicBox.app */;
			productType = "com.apple.product-type.application";
		};
		7B1FAD182C82F30D00C0B40F /* MusicBoxTests */ = {
			isa = PBXNativeTarget;
			buildConfigurationList = 7B1FAD302C82F30D00C0B40F /* Build configuration list for PBXNativeTarget "MusicBoxTests" */;
			buildPhases = (
				7B1FAD152C82F30D00C0B40F /* Sources */,
				7B1FAD162C82F30D00C0B40F /* Frameworks */,
				7B1FAD172C82F30D00C0B40F /* Resources */,
			);
			buildRules = (
			);
			dependencies = (
				7B1FAD1B2C82F30D00C0B40F /* PBXTargetDependency */,
			);
			name = MusicBoxTests;
			productName = MusicBoxTests;
			productReference = 7B1FAD192C82F30D00C0B40F /* MusicBoxTests.xctest */;
			productType = "com.apple.product-type.bundle.unit-test";
		};
		7B1FAD222C82F30D00C0B40F /* MusicBoxUITests */ = {
			isa = PBXNativeTarget;
			buildConfigurationList = 7B1FAD332C82F30D00C0B40F /* Build configuration list for PBXNativeTarget "MusicBoxUITests" */;
			buildPhases = (
				7B1FAD1F2C82F30D00C0B40F /* Sources */,
				7B1FAD202C82F30D00C0B40F /* Frameworks */,
				7B1FAD212C82F30D00C0B40F /* Resources */,
			);
			buildRules = (
			);
			dependencies = (
				7B1FAD252C82F30D00C0B40F /* PBXTargetDependency */,
			);
			name = MusicBoxUITests;
			productName = MusicBoxUITests;
			productReference = 7B1FAD232C82F30D00C0B40F /* MusicBoxUITests.xctest */;
			productType = "com.apple.product-type.bundle.ui-testing";
		};
/* End PBXNativeTarget section */

/* Begin PBXProject section */
		7B1FACFB2C82F30C00C0B40F /* Project object */ = {
			isa = PBXProject;
			attributes = {
				BuildIndependentTargetsInParallel = 1;
				LastSwiftUpdateCheck = 1430;
				LastUpgradeCheck = 1430;
				TargetAttributes = {
					7B1FAD022C82F30C00C0B40F = {
						CreatedOnToolsVersion = 14.3.1;
					};
					7B1FAD182C82F30D00C0B40F = {
						CreatedOnToolsVersion = 14.3.1;
						TestTargetID = 7B1FAD022C82F30C00C0B40F;
					};
					7B1FAD222C82F30D00C0B40F = {
						CreatedOnToolsVersion = 14.3.1;
						TestTargetID = 7B1FAD022C82F30C00C0B40F;
					};
				};
			};
			buildConfigurationList = 7B1FACFE2C82F30C00C0B40F /* Build configuration list for PBXProject "MusicBox" */;
			compatibilityVersion = "Xcode 14.0";
			developmentRegion = en;
			hasScannedForEncodings = 0;
			knownRegions = (
				en,
				Base,
			);
			mainGroup = 7B1FACFA2C82F30C00C0B40F;
			packageReferences = (
				7B1FAD442C8387F900C0B40F /* XCRemoteSwiftPackageReference "ID3TagEditor" */,
			);
			productRefGroup = 7B1FAD042C82F30C00C0B40F /* Products */;
			projectDirPath = "";
			projectRoot = "";
			targets = (
				7B1FAD022C82F30C00C0B40F /* MusicBox */,
				7B1FAD182C82F30D00C0B40F /* MusicBoxTests */,
				7B1FAD222C82F30D00C0B40F /* MusicBoxUITests */,
			);
		};
/* End PBXProject section */

/* Begin PBXResourcesBuildPhase section */
		7B1FAD012C82F30C00C0B40F /* Resources */ = {
			isa = PBXResourcesBuildPhase;
			buildActionMask = 2147483647;
			files = (
				7B1FAD0E2C82F30D00C0B40F /* Preview Assets.xcassets in Resources */,
				7B1FAD0B2C82F30D00C0B40F /* Assets.xcassets in Resources */,
			);
			runOnlyForDeploymentPostprocessing = 0;
		};
		7B1FAD172C82F30D00C0B40F /* Resources */ = {
			isa = PBXResourcesBuildPhase;
			buildActionMask = 2147483647;
			files = (
			);
			runOnlyForDeploymentPostprocessing = 0;
		};
		7B1FAD212C82F30D00C0B40F /* Resources */ = {
			isa = PBXResourcesBuildPhase;
			buildActionMask = 2147483647;
			files = (
			);
			runOnlyForDeploymentPostprocessing = 0;
		};
/* End PBXResourcesBuildPhase section */

/* Begin PBXSourcesBuildPhase section */
		7B1FACFF2C82F30C00C0B40F /* Sources */ = {
			isa = PBXSourcesBuildPhase;
			buildActionMask = 2147483647;
			files = (
				7B1FAD412C8386DF00C0B40F /* LibraryView.swift in Sources */,
				7B1FAD102C82F30D00C0B40F /* Persistence.swift in Sources */,
				7B1FAD372C82FA9D00C0B40F /* AudioLibraryViewModel.swift in Sources */,
				7B1FAD432C8386FE00C0B40F /* PreferencesView.swift in Sources */,
				7B1FAD072C82F30C00C0B40F /* MusicBoxApp.swift in Sources */,
				7B1FAD132C82F30D00C0B40F /* MusicBox.xcdatamodeld in Sources */,
			);
			runOnlyForDeploymentPostprocessing = 0;
		};
		7B1FAD152C82F30D00C0B40F /* Sources */ = {
			isa = PBXSourcesBuildPhase;
			buildActionMask = 2147483647;
			files = (
				7B1FAD1E2C82F30D00C0B40F /* MusicBoxTests.swift in Sources */,
			);
			runOnlyForDeploymentPostprocessing = 0;
		};
		7B1FAD1F2C82F30D00C0B40F /* Sources */ = {
			isa = PBXSourcesBuildPhase;
			buildActionMask = 2147483647;
			files = (
				7B1FAD2A2C82F30D00C0B40F /* MusicBoxUITestsLaunchTests.swift in Sources */,
				7B1FAD282C82F30D00C0B40F /* MusicBoxUITests.swift in Sources */,
			);
			runOnlyForDeploymentPostprocessing = 0;
		};
/* End PBXSourcesBuildPhase section */

/* Begin PBXTargetDependency section */
		7B1FAD1B2C82F30D00C0B40F /* PBXTargetDependency */ = {
			isa = PBXTargetDependency;
			target = 7B1FAD022C82F30C00C0B40F /* MusicBox */;
			targetProxy = 7B1FAD1A2C82F30D00C0B40F /* PBXContainerItemProxy */;
		};
		7B1FAD252C82F30D00C0B40F /* PBXTargetDependency */ = {
			isa = PBXTargetDependency;
			target = 7B1FAD022C82F30C00C0B40F /* MusicBox */;
			targetProxy = 7B1FAD242C82F30D00C0B40F /* PBXContainerItemProxy */;
		};
/* End PBXTargetDependency section */

/* Begin XCBuildConfiguration section */
		7B1FAD2B2C82F30D00C0B40F /* Debug */ = {
			isa = XCBuildConfiguration;
			buildSettings = {
				ALWAYS_SEARCH_USER_PATHS = NO;
				CLANG_ANALYZER_NONNULL = YES;
				CLANG_ANALYZER_NUMBER_OBJECT_CONVERSION = YES_AGGRESSIVE;
				CLANG_CXX_LANGUAGE_STANDARD = "gnu++20";
				CLANG_ENABLE_MODULES = YES;
				CLANG_ENABLE_OBJC_ARC = YES;
				CLANG_ENABLE_OBJC_WEAK = YES;
				CLANG_WARN_BLOCK_CAPTURE_AUTORELEASING = YES;
				CLANG_WARN_BOOL_CONVERSION = YES;
				CLANG_WARN_COMMA = YES;
				CLANG_WARN_CONSTANT_CONVERSION = YES;
				CLANG_WARN_DEPRECATED_OBJC_IMPLEMENTATIONS = YES;
				CLANG_WARN_DIRECT_OBJC_ISA_USAGE = YES_ERROR;
				CLANG_WARN_DOCUMENTATION_COMMENTS = YES;
				CLANG_WARN_EMPTY_BODY = YES;
				CLANG_WARN_ENUM_CONVERSION = YES;
				CLANG_WARN_INFINITE_RECURSION = YES;
				CLANG_WARN_INT_CONVERSION = YES;
				CLANG_WARN_NON_LITERAL_NULL_CONVERSION = YES;
				CLANG_WARN_OBJC_IMPLICIT_RETAIN_SELF = YES;
				CLANG_WARN_OBJC_LITERAL_CONVERSION = YES;
				CLANG_WARN_OBJC_ROOT_CLASS = YES_ERROR;
				CLANG_WARN_QUOTED_INCLUDE_IN_FRAMEWORK_HEADER = YES;
				CLANG_WARN_RANGE_LOOP_ANALYSIS = YES;
				CLANG_WARN_STRICT_PROTOTYPES = YES;
				CLANG_WARN_SUSPICIOUS_MOVE = YES;
				CLANG_WARN_UNGUARDED_AVAILABILITY = YES_AGGRESSIVE;
				CLANG_WARN_UNREACHABLE_CODE = YES;
				CLANG_WARN__DUPLICATE_METHOD_MATCH = YES;
				COPY_PHASE_STRIP = NO;
				DEBUG_INFORMATION_FORMAT = dwarf;
				ENABLE_STRICT_OBJC_MSGSEND = YES;
				ENABLE_TESTABILITY = YES;
				GCC_C_LANGUAGE_STANDARD = gnu11;
				GCC_DYNAMIC_NO_PIC = NO;
				GCC_NO_COMMON_BLOCKS = YES;
				GCC_OPTIMIZATION_LEVEL = 0;
				GCC_PREPROCESSOR_DEFINITIONS = (
					"DEBUG=1",
					"$(inherited)",
				);
				GCC_WARN_64_TO_32_BIT_CONVERSION = YES;
				GCC_WARN_ABOUT_RETURN_TYPE = YES_ERROR;
				GCC_WARN_UNDECLARED_SELECTOR = YES;
				GCC_WARN_UNINITIALIZED_AUTOS = YES_AGGRESSIVE;
				GCC_WARN_UNUSED_FUNCTION = YES;
				GCC_WARN_UNUSED_VARIABLE = YES;
				MACOSX_DEPLOYMENT_TARGET = 13.2;
				MTL_ENABLE_DEBUG_INFO = INCLUDE_SOURCE;
				MTL_FAST_MATH = YES;
				ONLY_ACTIVE_ARCH = YES;
				SDKROOT = macosx;
				SWIFT_ACTIVE_COMPILATION_CONDITIONS = DEBUG;
				SWIFT_OPTIMIZATION_LEVEL = "-Onone";
			};
			name = Debug;
		};
		7B1FAD2C2C82F30D00C0B40F /* Release */ = {
			isa = XCBuildConfiguration;
			buildSettings = {
				ALWAYS_SEARCH_USER_PATHS = NO;
				CLANG_ANALYZER_NONNULL = YES;
				CLANG_ANALYZER_NUMBER_OBJECT_CONVERSION = YES_AGGRESSIVE;
				CLANG_CXX_LANGUAGE_STANDARD = "gnu++20";
				CLANG_ENABLE_MODULES = YES;
				CLANG_ENABLE_OBJC_ARC = YES;
				CLANG_ENABLE_OBJC_WEAK = YES;
				CLANG_WARN_BLOCK_CAPTURE_AUTORELEASING = YES;
				CLANG_WARN_BOOL_CONVERSION = YES;
				CLANG_WARN_COMMA = YES;
				CLANG_WARN_CONSTANT_CONVERSION = YES;
				CLANG_WARN_DEPRECATED_OBJC_IMPLEMENTATIONS = YES;
				CLANG_WARN_DIRECT_OBJC_ISA_USAGE = YES_ERROR;
				CLANG_WARN_DOCUMENTATION_COMMENTS = YES;
				CLANG_WARN_EMPTY_BODY = YES;
				CLANG_WARN_ENUM_CONVERSION = YES;
				CLANG_WARN_INFINITE_RECURSION = YES;
				CLANG_WARN_INT_CONVERSION = YES;
				CLANG_WARN_NON_LITERAL_NULL_CONVERSION = YES;
				CLANG_WARN_OBJC_IMPLICIT_RETAIN_SELF = YES;
				CLANG_WARN_OBJC_LITERAL_CONVERSION = YES;
				CLANG_WARN_OBJC_ROOT_CLASS = YES_ERROR;
				CLANG_WARN_QUOTED_INCLUDE_IN_FRAMEWORK_HEADER = YES;
				CLANG_WARN_RANGE_LOOP_ANALYSIS = YES;
				CLANG_WARN_STRICT_PROTOTYPES = YES;
				CLANG_WARN_SUSPICIOUS_MOVE = YES;
				CLANG_WARN_UNGUARDED_AVAILABILITY = YES_AGGRESSIVE;
				CLANG_WARN_UNREACHABLE_CODE = YES;
				CLANG_WARN__DUPLICATE_METHOD_MATCH = YES;
				COPY_PHASE_STRIP = NO;
				DEBUG_INFORMATION_FORMAT = "dwarf-with-dsym";
				ENABLE_NS_ASSERTIONS = NO;
				ENABLE_STRICT_OBJC_MSGSEND = YES;
				GCC_C_LANGUAGE_STANDARD = gnu11;
				GCC_NO_COMMON_BLOCKS = YES;
				GCC_WARN_64_TO_32_BIT_CONVERSION = YES;
				GCC_WARN_ABOUT_RETURN_TYPE = YES_ERROR;
				GCC_WARN_UNDECLARED_SELECTOR = YES;
				GCC_WARN_UNINITIALIZED_AUTOS = YES_AGGRESSIVE;
				GCC_WARN_UNUSED_FUNCTION = YES;
				GCC_WARN_UNUSED_VARIABLE = YES;
				MACOSX_DEPLOYMENT_TARGET = 13.2;
				MTL_ENABLE_DEBUG_INFO = NO;
				MTL_FAST_MATH = YES;
				SDKROOT = macosx;
				SWIFT_COMPILATION_MODE = wholemodule;
				SWIFT_OPTIMIZATION_LEVEL = "-O";
			};
			name = Release;
		};
		7B1FAD2E2C82F30D00C0B40F /* Debug */ = {
			isa = XCBuildConfiguration;
			buildSettings = {
				ASSETCATALOG_COMPILER_APPICON_NAME = AppIcon;
				ASSETCATALOG_COMPILER_GLOBAL_ACCENT_COLOR_NAME = AccentColor;
				CODE_SIGN_ENTITLEMENTS = MusicBox/MusicBox.entitlements;
				CODE_SIGN_STYLE = Automatic;
				COMBINE_HIDPI_IMAGES = YES;
				CURRENT_PROJECT_VERSION = 1;
				DEVELOPMENT_ASSET_PATHS = "\"MusicBox/Preview Content\"";
				ENABLE_PREVIEWS = YES;
				GENERATE_INFOPLIST_FILE = YES;
				INFOPLIST_KEY_NSHumanReadableCopyright = "";
				LD_RUNPATH_SEARCH_PATHS = (
					"$(inherited)",
					"@executable_path/../Frameworks",
				);
				MARKETING_VERSION = 1.0;
				PRODUCT_BUNDLE_IDENTIFIER = com.alexyoon.MusicBox;
				PRODUCT_NAME = "$(TARGET_NAME)";
				SWIFT_EMIT_LOC_STRINGS = YES;
				SWIFT_VERSION = 5.0;
			};
			name = Debug;
		};
		7B1FAD2F2C82F30D00C0B40F /* Release */ = {
			isa = XCBuildConfiguration;
			buildSettings = {
				ASSETCATALOG_COMPILER_APPICON_NAME = AppIcon;
				ASSETCATALOG_COMPILER_GLOBAL_ACCENT_COLOR_NAME = AccentColor;
				CODE_SIGN_ENTITLEMENTS = MusicBox/MusicBox.entitlements;
				CODE_SIGN_STYLE = Automatic;
				COMBINE_HIDPI_IMAGES = YES;
				CURRENT_PROJECT_VERSION = 1;
				DEVELOPMENT_ASSET_PATHS = "\"MusicBox/Preview Content\"";
				ENABLE_PREVIEWS = YES;
				GENERATE_INFOPLIST_FILE = YES;
				INFOPLIST_KEY_NSHumanReadableCopyright = "";
				LD_RUNPATH_SEARCH_PATHS = (
					"$(inherited)",
					"@executable_path/../Frameworks",
				);
				MARKETING_VERSION = 1.0;
				PRODUCT_BUNDLE_IDENTIFIER = com.alexyoon.MusicBox;
				PRODUCT_NAME = "$(TARGET_NAME)";
				SWIFT_EMIT_LOC_STRINGS = YES;
				SWIFT_VERSION = 5.0;
			};
			name = Release;
		};
		7B1FAD312C82F30D00C0B40F /* Debug */ = {
			isa = XCBuildConfiguration;
			buildSettings = {
				ALWAYS_EMBED_SWIFT_STANDARD_LIBRARIES = YES;
				BUNDLE_LOADER = "$(TEST_HOST)";
				CODE_SIGN_STYLE = Automatic;
				CURRENT_PROJECT_VERSION = 1;
				GENERATE_INFOPLIST_FILE = YES;
				MACOSX_DEPLOYMENT_TARGET = 13.2;
				MARKETING_VERSION = 1.0;
				PRODUCT_BUNDLE_IDENTIFIER = com.alexyoon.MusicBoxTests;
				PRODUCT_NAME = "$(TARGET_NAME)";
				SWIFT_EMIT_LOC_STRINGS = NO;
				SWIFT_VERSION = 5.0;
				TEST_HOST = "$(BUILT_PRODUCTS_DIR)/MusicBox.app/$(BUNDLE_EXECUTABLE_FOLDER_PATH)/MusicBox";
			};
			name = Debug;
		};
		7B1FAD322C82F30D00C0B40F /* Release */ = {
			isa = XCBuildConfiguration;
			buildSettings = {
				ALWAYS_EMBED_SWIFT_STANDARD_LIBRARIES = YES;
				BUNDLE_LOADER = "$(TEST_HOST)";
				CODE_SIGN_STYLE = Automatic;
				CURRENT_PROJECT_VERSION = 1;
				GENERATE_INFOPLIST_FILE = YES;
				MACOSX_DEPLOYMENT_TARGET = 13.2;
				MARKETING_VERSION = 1.0;
				PRODUCT_BUNDLE_IDENTIFIER = com.alexyoon.MusicBoxTests;
				PRODUCT_NAME = "$(TARGET_NAME)";
				SWIFT_EMIT_LOC_STRINGS = NO;
				SWIFT_VERSION = 5.0;
				TEST_HOST = "$(BUILT_PRODUCTS_DIR)/MusicBox.app/$(BUNDLE_EXECUTABLE_FOLDER_PATH)/MusicBox";
			};
			name = Release;
		};
		7B1FAD342C82F30D00C0B40F /* Debug */ = {
			isa = XCBuildConfiguration;
			buildSettings = {
				ALWAYS_EMBED_SWIFT_STANDARD_LIBRARIES = YES;
				CODE_SIGN_STYLE = Automatic;
				CURRENT_PROJECT_VERSION = 1;
				GENERATE_INFOPLIST_FILE = YES;
				MARKETING_VERSION = 1.0;
				PRODUCT_BUNDLE_IDENTIFIER = com.alexyoon.MusicBoxUITests;
				PRODUCT_NAME = "$(TARGET_NAME)";
				SWIFT_EMIT_LOC_STRINGS = NO;
				SWIFT_VERSION = 5.0;
				TEST_TARGET_NAME = MusicBox;
			};
			name = Debug;
		};
		7B1FAD352C82F30D00C0B40F /* Release */ = {
			isa = XCBuildConfiguration;
			buildSettings = {
				ALWAYS_EMBED_SWIFT_STANDARD_LIBRARIES = YES;
				CODE_SIGN_STYLE = Automatic;
				CURRENT_PROJECT_VERSION = 1;
				GENERATE_INFOPLIST_FILE = YES;
				MARKETING_VERSION = 1.0;
				PRODUCT_BUNDLE_IDENTIFIER = com.alexyoon.MusicBoxUITests;
				PRODUCT_NAME = "$(TARGET_NAME)";
				SWIFT_EMIT_LOC_STRINGS = NO;
				SWIFT_VERSION = 5.0;
				TEST_TARGET_NAME = MusicBox;
			};
			name = Release;
		};
/* End XCBuildConfiguration section */

/* Begin XCConfigurationList section */
		7B1FACFE2C82F30C00C0B40F /* Build configuration list for PBXProject "MusicBox" */ = {
			isa = XCConfigurationList;
			buildConfigurations = (
				7B1FAD2B2C82F30D00C0B40F /* Debug */,
				7B1FAD2C2C82F30D00C0B40F /* Release */,
			);
			defaultConfigurationIsVisible = 0;
			defaultConfigurationName = Release;
		};
		7B1FAD2D2C82F30D00C0B40F /* Build configuration list for PBXNativeTarget "MusicBox" */ = {
			isa = XCConfigurationList;
			buildConfigurations = (
				7B1FAD2E2C82F30D00C0B40F /* Debug */,
				7B1FAD2F2C82F30D00C0B40F /* Release */,
			);
			defaultConfigurationIsVisible = 0;
			defaultConfigurationName = Release;
		};
		7B1FAD302C82F30D00C0B40F /* Build configuration list for PBXNativeTarget "MusicBoxTests" */ = {
			isa = XCConfigurationList;
			buildConfigurations = (
				7B1FAD312C82F30D00C0B40F /* Debug */,
				7B1FAD322C82F30D00C0B40F /* Release */,
			);
			defaultConfigurationIsVisible = 0;
			defaultConfigurationName = Release;
		};
		7B1FAD332C82F30D00C0B40F /* Build configuration list for PBXNativeTarget "MusicBoxUITests" */ = {
			isa = XCConfigurationList;
			buildConfigurations = (
				7B1FAD342C82F30D00C0B40F /* Debug */,
				7B1FAD352C82F30D00C0B40F /* Release */,
			);
			defaultConfigurationIsVisible = 0;
			defaultConfigurationName = Release;
		};
/* End XCConfigurationList section */

/* Begin XCRemoteSwiftPackageReference section */
		7B1FAD442C8387F900C0B40F /* XCRemoteSwiftPackageReference "ID3TagEditor" */ = {
			isa = XCRemoteSwiftPackageReference;
			repositoryURL = "https://github.com/chicio/ID3TagEditor";
			requirement = {
				kind = upToNextMajorVersion;
				minimumVersion = 4.0.0;
			};
		};
/* End XCRemoteSwiftPackageReference section */

/* Begin XCSwiftPackageProductDependency section */
		7B1FAD452C8387F900C0B40F /* ID3TagEditor */ = {
			isa = XCSwiftPackageProductDependency;
			package = 7B1FAD442C8387F900C0B40F /* XCRemoteSwiftPackageReference "ID3TagEditor" */;
			productName = ID3TagEditor;
		};
/* End XCSwiftPackageProductDependency section */

/* Begin XCVersionGroup section */
		7B1FAD112C82F30D00C0B40F /* MusicBox.xcdatamodeld */ = {
			isa = XCVersionGroup;
			children = (
				7B1FAD122C82F30D00C0B40F /* MusicBox.xcdatamodel */,
			);
			currentVersion = 7B1FAD122C82F30D00C0B40F /* MusicBox.xcdatamodel */;
			path = MusicBox.xcdatamodeld;
			sourceTree = "<group>";
			versionGroupType = wrapper.xcdatamodel;
		};
/* End XCVersionGroup section */
	};
	rootObject = 7B1FACFB2C82F30C00C0B40F /* Project object */;
}
